github.com/alexaandru/go-sitter-forest/vue v1.9.0 h1:BPoawE95QEfIqnPlGzYdShq65MHgCgmL8an41pGrkPE=
github.com/alexaandru/go-sitter-forest/vue v1.9.0/go.mod h1:xSLP7im6TAV8+4jpgnIczNmmC5RzvI0EG9l5Scl4qsQ=
github.com/alexaandru/go-tree-sitter-bare v1.11.0 h1:hRg0R09Kukx2il7ZEec570L/zG4SlM9VwEYR7kkh2nY=
github.com/alexaandru/go-tree-sitter-bare v1.11.0/go.mod h1:D0p+tpA7QXGADKpNHG9qTc1EXTg/tS/DO4cQdd0cSUg=
